
Microsoft Visual Studio Solution File, Format Version 12.00
# Visual Studio Version 18
VisualStudioVersion = 18.6.11806.211 stable
MinimumVisualStudioVersion = 10.0.40219.1
Project("{FAE04EC0-301F-11D3-BF4B-00C04F79EFBC}") = "EnterpriseApiAutomationFramework", "EnterpriseApiAutomationFramework.csproj", "{B14605E3-7B2C-6677-45B5-FA19A40C156B}"
EndProject
Global
	GlobalSection(SolutionConfigurationPlatforms) = preSolution
		Debug|Any CPU = Debug|Any CPU
		Release|Any CPU = Release|Any CPU
	EndGlobalSection
	GlobalSection(ProjectConfigurationPlatforms) = postSolution
		{B14605E3-7B2C-6677-45B5-FA19A40C156B}.Debug|Any CPU.ActiveCfg = Debug|Any CPU
		{B14605E3-7B2C-6677-45B5-FA19A40C156B}.Debug|Any CPU.Build.0 = Debug|Any CPU
		{B14605E3-7B2C-6677-45B5-FA19A40C156B}.Release|Any CPU.ActiveCfg = Release|Any CPU
		{B14605E3-7B2C-6677-45B5-FA19A40C156B}.Release|Any CPU.Build.0 = Release|Any CPU
	EndGlobalSection
	GlobalSection(SolutionProperties) = preSolution
		HideSolutionNode = FALSE
	EndGlobalSection
	GlobalSection(ExtensibilityGlobals) = postSolution
		SolutionGuid = {9CCAEFFA-B899-4923-8030-E1E0A39160B7}
	EndGlobalSection
EndGlobal
